{
  "name": "houston-common",
  "lockfileVersion": 3,
  "requires": true,
  "packages": {
    "houston-common-css": {
      "name": "@45drives/houston-common-css",
      "version": "0.1.12",
      "extraneous": true,
      "license": "GPLv3",
      "devDependencies": {
        "@tailwindcss/forms": "^0.5.7",
        "autoprefixer": "^10.4.19",
        "postcss": "^8.4.38",
        "tailwindcss": "^3.4.3"
      }
    },
    "houston-common-lib": {
      "name": "@45drives/houston-common-lib",
      "version": "0.0.0",
      "extraneous": true,
      "license": "GPL-3.0",
      "dependencies": {
        "esbuild": "^0.25.0",
        "monet": "0.9.3",
        "neverthrow": "6.2.2",
        "vite": "^6.0.11"
      },
      "devDependencies": {
        "@types/electron": "^1.6.12",
        "@types/node": "^22.13.4",
        "@types/node-localstorage": "^1.3.3",
        "node-localstorage": "^3.0.5",
        "prettier": "^3.3.1",
        "typedoc": "^0.27.6",
        "typedoc-plugin-mdn-links": "^4.0.10",
        "typedoc-umlclass": "^0.10.1",
        "typescript": "~5.4.5",
        "vite-plugin-dts": "^3.9.1",
        "vitest": "^1.6.0"
      },
      "peerDependencies": {
        "monet": "0.9.3",
        "neverthrow": "6.2.2"
      }
    },
    "houston-common-ui": {
      "name": "@45drives/houston-common-ui",
      "version": "1.0.0",
      "extraneous": true,
      "hasInstallScript": true,
      "dependencies": {
        "@45drives/houston-common-css": "file:../houston-common-css",
        "@45drives/houston-common-lib": "file:../houston-common-lib",
        "@headlessui/vue": "^1.7.22",
        "@heroicons/vue": "^2.1.3",
        "deep-equal": "^2.2.3",
        "monet": "^0.9.3",
        "neverthrow": "6.2.2",
        "three": "^0.173.0",
        "uuid": "^9.0.1",
        "vue": "^3.5.13",
        "zod": "^3.23.8",
        "zod-validation-error": "^3.3.0"
      },
      "devDependencies": {
        "@fontsource/red-hat-text": "^5.0.18",
        "@rushstack/eslint-patch": "^1.10.2",
        "@tailwindcss/forms": "^0.5.7",
        "@tsconfig/node20": "^20.1.4",
        "@types/deep-equal": "^1.0.4",
        "@types/jsdom": "^21.1.6",
        "@types/node": "^20.12.12",
        "@types/p5": "^1.7.6",
        "@types/three": "^0.173.0",
        "@types/uuid": "^9",
        "@vitejs/plugin-vue": "^5.2.1",
        "@vue/eslint-config-prettier": "^9.0.0",
        "@vue/eslint-config-typescript": "^14.3.0",
        "@vue/test-utils": "^2.4.6",
        "@vue/tsconfig": "^0.5.1",
        "autoprefixer": "^10.4.19",
        "eslint": "^9.19.0",
        "eslint-plugin-vue": "^9.32.0",
        "jsdom": "^24.0.0",
        "npm-run-all2": "^6.1.2",
        "postcss": "^8.4.38",
        "postcss-modules": "^6.0.0",
        "prettier": "^3.2.5",
        "tailwindcss": "^3.4.3",
        "typescript": "~5.4.5",
        "vite": "^6.0.11",
        "vite-plugin-dts": "^3.9.1",
        "vite-plugin-vue-devtools": "^7.7.1",
        "vitest": "^1.6.0",
        "vue-tsc": "^2.0.19"
      }
    }
  }
}
